
Microsoft Visual Studio Solution File, Format Version 12.00
# Visual Studio Version 16
VisualStudioVersion = 16.0.30114.105
MinimumVisualStudioVersion = 10.0.40219.1
Project("{FAE04EC0-301F-11D3-BF4B-00C04F79EFBC}") = "SantaSleighCode", "SantaSleighCode\SantaSleighCode.csproj", "{5A2D3697-6351-45D1-BE93-2C41B91DC2C0}"
EndProject
Project("{FAE04EC0-301F-11D3-BF4B-00C04F79EFBC}") = "SantaSleighCode.Tests", "SantaSleighCode.Tests\SantaSleighCode.Tests.csproj", "{27F313F7-A7D8-4505-9C41-0186AB0992D4}"
EndProject
Global
	GlobalSection(SolutionConfigurationPlatforms) = preSolution
		Debug|Any CPU = Debug|Any CPU
		Debug|x64 = Debug|x64
		Debug|x86 = Debug|x86
		Release|Any CPU = Release|Any CPU
		Release|x64 = Release|x64
		Release|x86 = Release|x86
	EndGlobalSection
	GlobalSection(SolutionProperties) = preSolution
		HideSolutionNode = FALSE
	EndGlobalSection
	GlobalSection(ProjectConfigurationPlatforms) = postSolution
		{5A2D3697-6351-45D1-BE93-2C41B91DC2C0}.Debug|Any CPU.ActiveCfg = Debug|Any CPU
		{5A2D3697-6351-45D1-BE93-2C41B91DC2C0}.Debug|Any CPU.Build.0 = Debug|Any CPU
		{5A2D3697-6351-45D1-BE93-2C41B91DC2C0}.Debug|x64.ActiveCfg = Debug|Any CPU
		{5A2D3697-6351-45D1-BE93-2C41B91DC2C0}.Debug|x64.Build.0 = Debug|Any CPU
		{5A2D3697-6351-45D1-BE93-2C41B91DC2C0}.Debug|x86.ActiveCfg = Debug|Any CPU
		{5A2D3697-6351-45D1-BE93-2C41B91DC2C0}.Debug|x86.Build.0 = Debug|Any CPU
		{5A2D3697-6351-45D1-BE93-2C41B91DC2C0}.Release|Any CPU.ActiveCfg = Release|Any CPU
		{5A2D3697-6351-45D1-BE93-2C41B91DC2C0}.Release|Any CPU.Build.0 = Release|Any CPU
		{5A2D3697-6351-45D1-BE93-2C41B91DC2C0}.Release|x64.ActiveCfg = Release|Any CPU
		{5A2D3697-6351-45D1-BE93-2C41B91DC2C0}.Release|x64.Build.0 = Release|Any CPU
		{5A2D3697-6351-45D1-BE93-2C41B91DC2C0}.Release|x86.ActiveCfg = Release|Any CPU
		{5A2D3697-6351-45D1-BE93-2C41B91DC2C0}.Release|x86.Build.0 = Release|Any CPU
		{27F313F7-A7D8-4505-9C41-0186AB0992D4}.Debug|Any CPU.ActiveCfg = Debug|Any CPU
		{27F313F7-A7D8-4505-9C41-0186AB0992D4}.Debug|Any CPU.Build.0 = Debug|Any CPU
		{27F313F7-A7D8-4505-9C41-0186AB0992D4}.Debug|x64.ActiveCfg = Debug|Any CPU
		{27F313F7-A7D8-4505-9C41-0186AB0992D4}.Debug|x64.Build.0 = Debug|Any CPU
		{27F313F7-A7D8-4505-9C41-0186AB0992D4}.Debug|x86.ActiveCfg = Debug|Any CPU
		{27F313F7-A7D8-4505-9C41-0186AB0992D4}.Debug|x86.Build.0 = Debug|Any CPU
		{27F313F7-A7D8-4505-9C41-0186AB0992D4}.Release|Any CPU.ActiveCfg = Release|Any CPU
		{27F313F7-A7D8-4505-9C41-0186AB0992D4}.Release|Any CPU.Build.0 = Release|Any CPU
		{27F313F7-A7D8-4505-9C41-0186AB0992D4}.Release|x64.ActiveCfg = Release|Any CPU
		{27F313F7-A7D8-4505-9C41-0186AB0992D4}.Release|x64.Build.0 = Release|Any CPU
		{27F313F7-A7D8-4505-9C41-0186AB0992D4}.Release|x86.ActiveCfg = Release|Any CPU
		{27F313F7-A7D8-4505-9C41-0186AB0992D4}.Release|x86.Build.0 = Release|Any CPU
	EndGlobalSection
EndGlobal
